
Microsoft Visual Studio Solution File, Format Version 12.00
# Visual Studio 15
VisualStudioVersion = 15.0.26730.16
MinimumVisualStudioVersion = 10.0.40219.1
Project("{FAE04EC0-301F-11D3-BF4B-00C04F79EFBC}") = "ACE - Console Game Engine", "ACE - Console Game Engine.csproj", "{19EB33EC-9190-457C-AFBB-552306F07402}"
EndProject
Global
	GlobalSection(SolutionConfigurationPlatforms) = preSolution
		Debug|Any CPU = Debug|Any CPU
		Release|Any CPU = Release|Any CPU
	EndGlobalSection
	GlobalSection(ProjectConfigurationPlatforms) = postSolution
		{19EB33EC-9190-457C-AFBB-552306F07402}.Debug|Any CPU.ActiveCfg = Debug|Any CPU
		{19EB33EC-9190-457C-AFBB-552306F07402}.Debug|Any CPU.Build.0 = Debug|Any CPU
		{19EB33EC-9190-457C-AFBB-552306F07402}.Release|Any CPU.ActiveCfg = Release|Any CPU
		{19EB33EC-9190-457C-AFBB-552306F07402}.Release|Any CPU.Build.0 = Release|Any CPU
	EndGlobalSection
	GlobalSection(SolutionProperties) = preSolution
		HideSolutionNode = FALSE
	EndGlobalSection
	GlobalSection(ExtensibilityGlobals) = postSolution
		SolutionGuid = {1AE3310A-5FD2-4E1B-8189-E078E2968D40}
	EndGlobalSection
EndGlobal
